
Microsoft Visual Studio Solution File, Format Version 12.00
# Visual Studio Version 16
VisualStudioVersion = 16.0.32602.291
MinimumVisualStudioVersion = 10.0.40219.1
Project("{FAE04EC0-301F-11D3-BF4B-00C04F79EFBC}") = "Clicker Game", "Clicker Game\Clicker Game.csproj", "{16229749-E75C-4453-94EA-00FF7135B254}"
EndProject
Global
	GlobalSection(SolutionConfigurationPlatforms) = preSolution
		Debug|Any CPU = Debug|Any CPU
		Release|Any CPU = Release|Any CPU
	EndGlobalSection
	GlobalSection(ProjectConfigurationPlatforms) = postSolution
		{16229749-E75C-4453-94EA-00FF7135B254}.Debug|Any CPU.ActiveCfg = Debug|Any CPU
		{16229749-E75C-4453-94EA-00FF7135B254}.Debug|Any CPU.Build.0 = Debug|Any CPU
		{16229749-E75C-4453-94EA-00FF7135B254}.Release|Any CPU.ActiveCfg = Release|Any CPU
		{16229749-E75C-4453-94EA-00FF7135B254}.Release|Any CPU.Build.0 = Release|Any CPU
	EndGlobalSection
	GlobalSection(SolutionProperties) = preSolution
		HideSolutionNode = FALSE
	EndGlobalSection
	GlobalSection(ExtensibilityGlobals) = postSolution
		SolutionGuid = {49E6C4C4-9794-412E-9E87-E735874BF88F}
	EndGlobalSection
EndGlobal
